Microsoft Visual Studio Solution File, Format Version 12.00
# Visual Studio Version 16
VisualStudioVersion = 16.0.31205.134
MinimumVisualStudioVersion = 10.0.40219.1
Project("{87E565F0-C525-4BC3-8CF4-F33436CAD55D}") = "Transcendence", "Transcendence/Transcendence.csproj", "{067F237E-5F39-4ECF-82EE-03B4BD70AED8}"
EndProject
Global
	GlobalSection(SolutionConfigurationPlatforms) = preSolution
		Debug|Any CPU = Debug|Any CPU
		Release|Any CPU = Release|Any CPU
	EndGlobalSection
	GlobalSection(ProjectConfigurationPlatforms) = postSolution
		{067F237E-5F39-4ECF-82EE-03B4BD70AED8}.Debug|Any CPU.ActiveCfg = Debug|Any CPU
		{067F237E-5F39-4ECF-82EE-03B4BD70AED8}.Debug|Any CPU.Build.0 = Debug|Any CPU
		{067F237E-5F39-4ECF-82EE-03B4BD70AED8}.Release|Any CPU.ActiveCfg = Release|Any CPU
		{067F237E-5F39-4ECF-82EE-03B4BD70AED8}.Release|Any CPU.Build.0 = Release|Any CPU
	EndGlobalSection
	GlobalSection(SolutionProperties) = preSolution
		HideSolutionNode = FALSE
	EndGlobalSection
	GlobalSection(ExtensibilityGlobals) = postSolution
		SolutionGuid = {A81F6660-2DDC-45F1-927B-F527ABECB82D}
	EndGlobalSection
EndGlobal
